
Microsoft Visual Studio Solution File, Format Version 12.00
# Visual Studio Version 17
VisualStudioVersion = 17.3.32922.545
MinimumVisualStudioVersion = 10.0.40219.1
Project("{FAE04EC0-301F-11D3-BF4B-00C04F79EFBC}") = "ProjectGameDevelopment", "ProjectGameDevelopment\ProjectGameDevelopment.csproj", "{E900C94D-8F3A-4121-BD73-290C5EB2B429}"
EndProject
Global
	GlobalSection(SolutionConfigurationPlatforms) = preSolution
		Debug|Any CPU = Debug|Any CPU
		Release|Any CPU = Release|Any CPU
	EndGlobalSection
	GlobalSection(ProjectConfigurationPlatforms) = postSolution
		{E900C94D-8F3A-4121-BD73-290C5EB2B429}.Debug|Any CPU.ActiveCfg = Debug|Any CPU
		{E900C94D-8F3A-4121-BD73-290C5EB2B429}.Debug|Any CPU.Build.0 = Debug|Any CPU
		{E900C94D-8F3A-4121-BD73-290C5EB2B429}.Release|Any CPU.ActiveCfg = Release|Any CPU
		{E900C94D-8F3A-4121-BD73-290C5EB2B429}.Release|Any CPU.Build.0 = Release|Any CPU
	EndGlobalSection
	GlobalSection(SolutionProperties) = preSolution
		HideSolutionNode = FALSE
	EndGlobalSection
	GlobalSection(ExtensibilityGlobals) = postSolution
		SolutionGuid = {53261979-80EC-497B-A789-BDA1A1F4274C}
	EndGlobalSection
EndGlobal
